
Microsoft Visual Studio Solution File, Format Version 12.00
# Visual Studio Version 17
VisualStudioVersion = 17.4.33122.133
MinimumVisualStudioVersion = 10.0.40219.1
Project("{FAE04EC0-301F-11D3-BF4B-00C04F79EFBC}") = "laboratorio", "laboratorio\laboratorio.csproj", "{B57842A1-FF0E-4DC1-8841-63EEE1B3C598}"
EndProject
Global
	GlobalSection(SolutionConfigurationPlatforms) = preSolution
		Debug|Any CPU = Debug|Any CPU
		Release|Any CPU = Release|Any CPU
	EndGlobalSection
	GlobalSection(ProjectConfigurationPlatforms) = postSolution
		{B57842A1-FF0E-4DC1-8841-63EEE1B3C598}.Debug|Any CPU.ActiveCfg = Debug|Any CPU
		{B57842A1-FF0E-4DC1-8841-63EEE1B3C598}.Debug|Any CPU.Build.0 = Debug|Any CPU
		{B57842A1-FF0E-4DC1-8841-63EEE1B3C598}.Release|Any CPU.ActiveCfg = Release|Any CPU
		{B57842A1-FF0E-4DC1-8841-63EEE1B3C598}.Release|Any CPU.Build.0 = Release|Any CPU
	EndGlobalSection
	GlobalSection(SolutionProperties) = preSolution
		HideSolutionNode = FALSE
	EndGlobalSection
	GlobalSection(ExtensibilityGlobals) = postSolution
		SolutionGuid = {D7419D67-E20A-4D12-BAAF-C72B1AEBDAC4}
	EndGlobalSection
EndGlobal
